
Microsoft Visual Studio Solution File, Format Version 12.00
# Visual Studio Version 17
VisualStudioVersion = 17.8.34330.188
MinimumVisualStudioVersion = 10.0.40219.1
Project("{FAE04EC0-301F-11D3-BF4B-00C04F79EFBC}") = "EvoSystems", "EvoSystems\EvoSystems.csproj", "{F461F1E3-6EF7-4863-98DE-AA7F99D54AC4}"
EndProject
Global
	GlobalSection(SolutionConfigurationPlatforms) = preSolution
		Debug|Any CPU = Debug|Any CPU
		Release|Any CPU = Release|Any CPU
	EndGlobalSection
	GlobalSection(ProjectConfigurationPlatforms) = postSolution
		{F461F1E3-6EF7-4863-98DE-AA7F99D54AC4}.Debug|Any CPU.ActiveCfg = Debug|Any CPU
		{F461F1E3-6EF7-4863-98DE-AA7F99D54AC4}.Debug|Any CPU.Build.0 = Debug|Any CPU
		{F461F1E3-6EF7-4863-98DE-AA7F99D54AC4}.Release|Any CPU.ActiveCfg = Release|Any CPU
		{F461F1E3-6EF7-4863-98DE-AA7F99D54AC4}.Release|Any CPU.Build.0 = Release|Any CPU
	EndGlobalSection
	GlobalSection(SolutionProperties) = preSolution
		HideSolutionNode = FALSE
	EndGlobalSection
	GlobalSection(ExtensibilityGlobals) = postSolution
		SolutionGuid = {E15C3D3F-4137-4B00-B953-83BB93C9EB01}
	EndGlobalSection
EndGlobal
